{
  "name": "tibetan-lens",
  "version": "0.1.0",
  "lockfileVersion": 3,
  "requires": true,
  "packages": {
    "": {
      "name": "tibetan-lens",
      "version": "0.1.0",
      "devDependencies": {
        "jsewts": "^1.0.4"
      }
    },
    "node_modules/jsewts": {
      "version": "1.0.4",
      "resolved": "https://registry.npmjs.org/jsewts/-/jsewts-1.0.4.tgz",
      "integrity": "sha512-3+chOSYH7j7qtIdgX3uLdAqVHaw4asqkQfd5NEw9aOWkJZDxZew33VzG37zt0h2HExlFPOngW83qpwjZMWYKZw==",
      "dev": true,
      "license": "Apache-2.0"
    }
  }
}
